{
  "pins" : [
    {
      "identity" : "twittercounter",
      "kind" : "localSourceControl",
      "location" : "/Users/mahtar/Documents/TestApps/Halan/TwitterCounter",
      "state" : {
        "branch" : "main",
        "revision" : "fcba52692bd2b805fbdddcd254801312e0d937a5"
      }
    }
  ],
  "version" : 2
}
