{
  "pins" : [
    {
      "identity" : "twittercounter",
      "kind" : "localSourceControl",
      "location" : "/Users/mahtar/Documents/TestApps/Halan/TwitterCounter",
      "state" : {
        "branch" : "main",
        "revision" : "047099748f0e2ac351d76478ff96a858b3251f27"
      }
    }
  ],
  "version" : 2
}
