{
  "pins" : [
    {
      "identity" : "twittercounter",
      "kind" : "localSourceControl",
      "location" : "/Users/mahtar/Documents/TestApps/Halan/TwitterCounter",
      "state" : {
        "branch" : "main",
        "revision" : "b47770602a19cb265544e805dc23f2e3205f1e0d"
      }
    }
  ],
  "version" : 2
}
